
Microsoft Visual Studio Solution File, Format Version 12.00
# Visual Studio Version 16
VisualStudioVersion = 16.0.30907.101
MinimumVisualStudioVersion = 10.0.40219.1
Project("{9A19103F-16F7-4668-BE54-9A1E7A4F7556}") = "AuthenWebApp", "AuthenWebApp\AuthenWebApp.csproj", "{F37E0106-9DF1-4FF0-9B02-BDC6EEF9A3A3}"
EndProject
Project("{9A19103F-16F7-4668-BE54-9A1E7A4F7556}") = "AuthenAPI", "AuthenAPI\AuthenAPI.csproj", "{76AF8443-E12D-47E2-8CEF-D2C28F436432}"
EndProject
Project("{FAE04EC0-301F-11D3-BF4B-00C04F79EFBC}") = "AuthenAPI_CustomJwt", "AuthenAPI_Filter\AuthenAPI_CustomJwt.csproj", "{B166AE4B-5239-471D-A0A4-4A89A6DDF0D7}"
EndProject
Global
	GlobalSection(SolutionConfigurationPlatforms) = preSolution
		Debug|Any CPU = Debug|Any CPU
		Release|Any CPU = Release|Any CPU
	EndGlobalSection
	GlobalSection(ProjectConfigurationPlatforms) = postSolution
		{F37E0106-9DF1-4FF0-9B02-BDC6EEF9A3A3}.Debug|Any CPU.ActiveCfg = Debug|Any CPU
		{F37E0106-9DF1-4FF0-9B02-BDC6EEF9A3A3}.Debug|Any CPU.Build.0 = Debug|Any CPU
		{F37E0106-9DF1-4FF0-9B02-BDC6EEF9A3A3}.Release|Any CPU.ActiveCfg = Release|Any CPU
		{F37E0106-9DF1-4FF0-9B02-BDC6EEF9A3A3}.Release|Any CPU.Build.0 = Release|Any CPU
		{76AF8443-E12D-47E2-8CEF-D2C28F436432}.Debug|Any CPU.ActiveCfg = Debug|Any CPU
		{76AF8443-E12D-47E2-8CEF-D2C28F436432}.Debug|Any CPU.Build.0 = Debug|Any CPU
		{76AF8443-E12D-47E2-8CEF-D2C28F436432}.Release|Any CPU.ActiveCfg = Release|Any CPU
		{76AF8443-E12D-47E2-8CEF-D2C28F436432}.Release|Any CPU.Build.0 = Release|Any CPU
		{B166AE4B-5239-471D-A0A4-4A89A6DDF0D7}.Debug|Any CPU.ActiveCfg = Debug|Any CPU
		{B166AE4B-5239-471D-A0A4-4A89A6DDF0D7}.Debug|Any CPU.Build.0 = Debug|Any CPU
		{B166AE4B-5239-471D-A0A4-4A89A6DDF0D7}.Release|Any CPU.ActiveCfg = Release|Any CPU
		{B166AE4B-5239-471D-A0A4-4A89A6DDF0D7}.Release|Any CPU.Build.0 = Release|Any CPU
	EndGlobalSection
	GlobalSection(SolutionProperties) = preSolution
		HideSolutionNode = FALSE
	EndGlobalSection
	GlobalSection(ExtensibilityGlobals) = postSolution
		SolutionGuid = {1EDFFA56-853D-4454-8D2C-45F52BA49A5F}
	EndGlobalSection
EndGlobal
